{
  "nodes": {
    "nixpkgs": {
      "locked": {
        "lastModified": 1789546076,
        "narHash": "sha256-zVxLZiSnmaaPLwnhj7pwmqe3axBg/C6nG5JZsJMh2g4=",
        "owner": "nixos",
        "repo": "nixpkgs",
        "rev": "b1b875982b17dabde9b4a37f3e229e74913e6db3",
        "type": "github"
      },
      "original": {
        "owner": "nixos",
        "ref": "nixos-unstable",
        "repo": "nixpkgs",
        "type": "github"
      }
    },
    "root": {
      "inputs": {
        "nixpkgs": "nixpkgs",
        "unsloth-src": "unsloth-src"
      }
    },
    "unsloth-src": {
      "flake": false,
      "locked": {
        "lastModified": 1791516690,
        "narHash": "sha256-v0x6n1sG+l6re203w0NKhwkyiiCulmagwQNKLKN86PY=",
        "owner": "unslothai",
        "repo": "unsloth",
        "rev": "cc9128134156cc51f94eeb76d3d19f80bddbc8a7",
        "type": "github"
      },
      "original": {
        "owner": "unslothai",
        "repo": "unsloth",
        "type": "github"
      }
    }
  },
  "root": "root",
  "version": 7
}
