{
  "nodes": {
    "nixpkgs": {
      "locked": {
        "lastModified": 1789546076,
        "narHash": "sha256-zVxLZiSnmaaPLwnhj7pwmqe3axBg/C6nG5JZsJMh2g4=",
        "owner": "nixos",
        "repo": "nixpkgs",
        "rev": "b1b875982b17dabde9b4a37f3e229e74913e6db3",
        "type": "github"
      },
      "original": {
        "owner": "nixos",
        "ref": "nixos-unstable",
        "repo": "nixpkgs",
        "type": "github"
      }
    },
    "root": {
      "inputs": {
        "nixpkgs": "nixpkgs",
        "unsloth-src": "unsloth-src"
      }
    },
    "unsloth-src": {
      "flake": false,
      "locked": {
        "lastModified": 1791381209,
        "narHash": "sha256-4FEGDGeCb+kpW/EhNz/tBQFAewxQFkeiEqE9RgviEMo=",
        "owner": "unslothai",
        "repo": "unsloth",
        "rev": "2402838d790fd5f8b65e8c0c4b7eff0899699d21",
        "type": "github"
      },
      "original": {
        "owner": "unslothai",
        "repo": "unsloth",
        "type": "github"
      }
    }
  },
  "root": "root",
  "version": 7
}
